
Microsoft Visual Studio Solution File, Format Version 12.00
# Visual Studio Version 17
VisualStudioVersion = 17.3.32922.545
MinimumVisualStudioVersion = 10.0.40219.1
Project("{FAE04EC0-301F-11D3-BF4B-00C04F79EFBC}") = "HelloWorld", "HelloWorld\HelloWorld.csproj", "{B9A044B9-B4E8-43A4-8F5F-A12195472ADC}"
EndProject
Global
	GlobalSection(SolutionConfigurationPlatforms) = preSolution
		Debug|Any CPU = Debug|Any CPU
		Release|Any CPU = Release|Any CPU
	EndGlobalSection
	GlobalSection(ProjectConfigurationPlatforms) = postSolution
		{B9A044B9-B4E8-43A4-8F5F-A12195472ADC}.Debug|Any CPU.ActiveCfg = Debug|Any CPU
		{B9A044B9-B4E8-43A4-8F5F-A12195472ADC}.Debug|Any CPU.Build.0 = Debug|Any CPU
		{B9A044B9-B4E8-43A4-8F5F-A12195472ADC}.Release|Any CPU.ActiveCfg = Release|Any CPU
		{B9A044B9-B4E8-43A4-8F5F-A12195472ADC}.Release|Any CPU.Build.0 = Release|Any CPU
	EndGlobalSection
	GlobalSection(SolutionProperties) = preSolution
		HideSolutionNode = FALSE
	EndGlobalSection
	GlobalSection(ExtensibilityGlobals) = postSolution
		SolutionGuid = {016AFF6C-E8C6-45F8-A27A-B4976CA9FB68}
	EndGlobalSection
EndGlobal
